
Microsoft Visual Studio Solution File, Format Version 12.00
# Visual Studio Version 17
VisualStudioVersion = 17.13.35913.81 d17.13
MinimumVisualStudioVersion = 10.0.40219.1
Project("{FAE04EC0-301F-11D3-BF4B-00C04F79EFBC}") = "traveling salesman problem", "traveling salesman problem\traveling salesman problem.csproj", "{DCED13A0-AE25-44D2-9598-A6830083E2B0}"
EndProject
Global
	GlobalSection(SolutionConfigurationPlatforms) = preSolution
		Debug|Any CPU = Debug|Any CPU
		Release|Any CPU = Release|Any CPU
	EndGlobalSection
	GlobalSection(ProjectConfigurationPlatforms) = postSolution
		{DCED13A0-AE25-44D2-9598-A6830083E2B0}.Debug|Any CPU.ActiveCfg = Debug|Any CPU
		{DCED13A0-AE25-44D2-9598-A6830083E2B0}.Debug|Any CPU.Build.0 = Debug|Any CPU
		{DCED13A0-AE25-44D2-9598-A6830083E2B0}.Release|Any CPU.ActiveCfg = Release|Any CPU
		{DCED13A0-AE25-44D2-9598-A6830083E2B0}.Release|Any CPU.Build.0 = Release|Any CPU
	EndGlobalSection
	GlobalSection(SolutionProperties) = preSolution
		HideSolutionNode = FALSE
	EndGlobalSection
	GlobalSection(ExtensibilityGlobals) = postSolution
		SolutionGuid = {1012D404-68F1-4476-A76C-9BA98FD99840}
	EndGlobalSection
EndGlobal
